{
  "lockfileVersion": 1,
  "configVersion": 1,
  "workspaces": {
    "": {
      "name": "pr-cockpit-v3",
      "dependencies": {
        "@sentry/bun": "^10.73.0",
        "typescript": "5.9.3",
      },
      "devDependencies": {
        "@types/bun": "1.3.14",
        "playwright": "1.61.1",
      },
    },
  },
  "packages": {
    "@apm-js-collab/code-transformer": ["@apm-js-collab/code-transformer@0.18.1", "", { "dependencies": { "@types/estree": "^1.0.8", "astring": "^1.9.0", "esquery": "^1.7.0", "meriyah": "^6.1.4", "semifies": "^1.0.0", "source-map": "^0.6.0" }, "bin": { "code-transformer": "cli.js" } }, "sha512-u1Hb6bHjWtkSpiprwVP6YaHC1DTN4RAU3zYkUDUe7WMnJwdyU1pwTL9dFKiSJB9IiLue/EQovmyx6xhU7FFtAQ=="],

    "@apm-js-collab/code-transformer-bundler-plugins": ["@apm-js-collab/code-transformer-bundler-plugins@0.7.4", "", { "dependencies": { "@apm-js-collab/code-transformer": "^0.18.1", "es-module-lexer": "^2.1.0", "magic-string": "^0.30.21", "module-details-from-path": "^1.0.4" } }, "sha512-nAfOeZPSUAQvJa1iFT/5oCrTm5YQhMMrfCNthNnaXHZiOQhu1KGuLoIx7HtbAi3wfwaBYLaICPIeenIaEwcXIg=="],

    "@jridgewell/sourcemap-codec": ["@jridgewell/sourcemap-codec@1.6.0", "", {}, "sha512-T7jf+5zgsZHwNJ4lvQ7/aezbyk0nNX+zJVWpmHA7VYsEx7a7qr5Rg5IbtJFqkgze5Y2sruq1RUY8Q837Od7iFw=="],

    "@opentelemetry/api": ["@opentelemetry/api@1.9.1", "", {}, "sha512-gLyJlPHPZYdAk1JENA9LeHejZe1Ti77/pTeFm/nMXmQH/HFZlcS/O2XJB+L8fkbrNSqhdtlvjBVjxwUYanNH5Q=="],

    "@opentelemetry/api-logs": ["@opentelemetry/api-logs@0.220.0", "", { "dependencies": { "@opentelemetry/api": "^1.3.0" } }, "sha512-CmVa4ImJ+ynfrPMNaAXHET6Bhb44SwzmfyVJFq9ni2jgXJR/l7C6gfVFddNmHP+ZOkP9cf4f9DBe68qVLTHc9w=="],

    "@opentelemetry/core": ["@opentelemetry/core@2.11.0", "", { "dependencies": { "@opentelemetry/semantic-conventions": "^1.29.0" }, "peerDependencies": { "@opentelemetry/api": ">=1.0.0 <1.10.0" } }, "sha512-7YP44XH0tV6+Mb54x2YGf84i7yi+31MBZlE8JwvozkxyTvXbSp10X7cI7YE49ChJ3shMJoBmCJF3+1QFBJctGA=="],

    "@opentelemetry/instrumentation": ["@opentelemetry/instrumentation@0.220.0", "", { "dependencies": { "@opentelemetry/api-logs": "0.220.0", "import-in-the-middle": "^3.0.0", "require-in-the-middle": "^8.0.0" }, "peerDependencies": { "@opentelemetry/api": "^1.3.0" } }, "sha512-xQx3E2WxP1mDvKzxLxX+CTCtNLa560YJZ3087qYHerl2YmiKpv7AH+dAy7vmx+eVrZ5BwhfWUAVoKOoxCNHcpw=="],

    "@opentelemetry/resources": ["@opentelemetry/resources@2.11.0", "", { "dependencies": { "@opentelemetry/core": "2.11.0", "@opentelemetry/semantic-conventions": "^1.29.0" }, "peerDependencies": { "@opentelemetry/api": ">=1.3.0 <1.10.0" } }, "sha512-Ie7+8q8MDF4FAEQCKVMTx3ReUvxiIAgIiiW3c9JdmP8+HMcDy20puT+AHjexnExgnbvBxjQ9fjkFDWrikJ2jQA=="],

    "@opentelemetry/sdk-trace": ["@opentelemetry/sdk-trace@2.11.0", "", { "dependencies": { "@opentelemetry/core": "2.11.0", "@opentelemetry/resources": "2.11.0", "@opentelemetry/semantic-conventions": "^1.29.0" }, "peerDependencies": { "@opentelemetry/api": ">=1.3.0 <1.10.0" } }, "sha512-fFnTqGm8/G73GQVnxYi7LXa1ZVYEUvgL6XI1LpvV0bPC7WQ/ZGgKxCSl8FnlZBKto9JHHEFTO6s6CUpvvtwFrA=="],

    "@opentelemetry/sdk-trace-base": ["@opentelemetry/sdk-trace-base@2.11.0", "", { "dependencies": { "@opentelemetry/core": "2.11.0", "@opentelemetry/resources": "2.11.0", "@opentelemetry/sdk-trace": "2.11.0", "@opentelemetry/semantic-conventions": "^1.29.0" }, "peerDependencies": { "@opentelemetry/api": ">=1.3.0 <1.10.0" } }, "sha512-H19x/TX/LZdqiYOjM7fqtSxwlplC5pgelavqbQdHbhdq0q/AI/TGkM2dfGuuynTXmJPeF2HoZVoPDu+TGoW78A=="],

    "@opentelemetry/semantic-conventions": ["@opentelemetry/semantic-conventions@1.43.0", "", {}, "sha512-eSYWTm620tTk45EKSedaUL8MFYI8hW164hIXsgIHyxu3VobUB3fFCu5t0hQby6OoWRPsG1KkKUG2M5UadiLiVg=="],

    "@sentry/bun": ["@sentry/bun@10.73.0", "", { "dependencies": { "@apm-js-collab/code-transformer-bundler-plugins": "^0.7.3", "@sentry/conventions": "^0.16.0", "@sentry/core": "10.73.0", "@sentry/node": "10.73.0", "@sentry/server-utils": "10.73.0" } }, "sha512-nP/0FD6aqL9WFBtagOFcaQ56W8DL9bAgfP+3cf9tMNfacHt0eM6jxBDoSZ0ONgEgQigR+K7lKeIN8DaQ/Uj6NQ=="],

    "@sentry/conventions": ["@sentry/conventions@0.16.0", "", {}, "sha512-fO9PLmHdVURcSPUpWCItWAtgKiMwGdJHbovoSEyLplX5sxs2ugvI4CBPTrkkgqhObnZOD0CnWBKDzSVQYBKEyQ=="],

    "@sentry/core": ["@sentry/core@10.73.0", "", { "dependencies": { "@sentry/conventions": "^0.16.0" } }, "sha512-FLO1UgH19RyasVpofu612WCOgb2nEH0dZy+R72d7p65XU9i0wxlMKm3+sgfwKmiSJp1Qhilaaxs4Jg6BbiM5HA=="],

    "@sentry/node": ["@sentry/node@10.73.0", "", { "dependencies": { "@opentelemetry/api": "^1.9.1", "@opentelemetry/instrumentation": "^0.220.0", "@opentelemetry/sdk-trace-base": "^2.9.0", "@sentry/conventions": "^0.16.0", "@sentry/core": "10.73.0", "@sentry/node-core": "10.73.0", "@sentry/opentelemetry": "10.73.0", "@sentry/server-utils": "10.73.0", "import-in-the-middle": "^3.0.0" } }, "sha512-jiMJ6GgXDw6UMGzJY+o0c8OoeA9OfHqZ/xEpHfDqy75hn+9CEkRkbNGCIdMvsc7wW/Se1Os394hHfTpU+YEskg=="],

    "@sentry/node-core": ["@sentry/node-core@10.73.0", "", { "dependencies": { "@sentry/conventions": "^0.16.0", "@sentry/core": "10.73.0", "@sentry/opentelemetry": "10.73.0", "import-in-the-middle": "^3.0.0" }, "peerDependencies": { "@opentelemetry/api": "^1.9.0", "@opentelemetry/core": "^1.30.1 || ^2.1.0", "@opentelemetry/exporter-trace-otlp-http": ">=0.57.0 <1", "@opentelemetry/instrumentation": ">=0.57.1 <1", "@opentelemetry/sdk-trace-base": "^1.30.1 || ^2.1.0" }, "optionalPeers": ["@opentelemetry/api", "@opentelemetry/core", "@opentelemetry/exporter-trace-otlp-http", "@opentelemetry/instrumentation", "@opentelemetry/sdk-trace-base"] }, "sha512-GHAGUmZPmm6FKfxfv2maVVJ/A99YAmd7oFOuKMDmITI6O/Msl6JB3vPTEpopVAHLW0LYJQBOjddL9C7o+Jt44g=="],

    "@sentry/opentelemetry": ["@sentry/opentelemetry@10.73.0", "", { "dependencies": { "@sentry/conventions": "^0.16.0", "@sentry/core": "10.73.0" }, "peerDependencies": { "@opentelemetry/api": "^1.9.0", "@opentelemetry/core": "^1.30.1 || ^2.1.0", "@opentelemetry/sdk-trace-base": "^1.30.1 || ^2.1.0" } }, "sha512-fQouPQKsH0CQrw6oAn1k0Z2I+tgyochCovifr5qNS69i0OzjknLa03WJyiZ/IuzXc4AVa5jAKfOeE9slABz8Qw=="],

    "@sentry/server-utils": ["@sentry/server-utils@10.73.0", "", { "dependencies": { "@sentry/conventions": "^0.16.0", "@sentry/core": "10.73.0" } }, "sha512-QskripdKFbM/+gipC6mpa2crLwL7+VbkX84IpHg2z9UlYQ1kNKd3aMT+Qk9NLRSw/zu1rSIAvlbWfx4D3rgNAA=="],

    "@types/bun": ["@types/bun@1.3.14", "", { "dependencies": { "bun-types": "1.3.14" } }, "sha512-h1hFqFVcvAvD9j9K7ZW7vd82aSA+rTdznZa+5bwvCwqSB1jmmfLcbIWhOLx1/+boy/xmjgCs/OMUL8hRJSmnPw=="],

    "@types/estree": ["@types/estree@1.0.9", "", {}, "sha512-GhdPgy1el4/ImP05X05Uw4cw2/M93BCUmnEvWZNStlCzEKME4Fkk+YpoA5OiHNQmoS7Cafb8Xa3Pya8m1Qrzeg=="],

    "@types/node": ["@types/node@26.1.0", "", { "dependencies": { "undici-types": "~8.3.0" } }, "sha512-O0A1G3xPGy4w7AgQdAQYUlQ+BKk2Oovw8eRpofyp5KdBZULnbe+WqaOVNrm705SHphCiG4XHsACrSmPu1f+Kgw=="],

    "astring": ["astring@1.9.0", "", { "bin": { "astring": "bin/astring" } }, "sha512-LElXdjswlqjWrPpJFg1Fx4wpkOCxj1TDHlSV4PlaRxHGWko024xICaa97ZkMfs6DRKlCguiAI+rbXv5GWwXIkg=="],

    "bun-types": ["bun-types@1.3.14", "", { "dependencies": { "@types/node": "*" } }, "sha512-4N0ig0fEomHt5R0KCFWjovxow98rIoRwKolrYdCcknNwMekCXRnWEUvgu5soYV8QXtVsrUD8B95MBOZGPvr6KQ=="],

    "cjs-module-lexer": ["cjs-module-lexer@2.2.1", "", {}, "sha512-Ca8swihM+/4yKecYHY52kgJd300hi2lADU/a1RxNTRe+RJ9jvqQlESpbz9DnG9mowez8qwXHB8qYdIUw9e+F5Q=="],

    "debug": ["debug@4.4.3", "", { "dependencies": { "ms": "^2.1.3" }, "peerDependencies": { "supports-color": "*" }, "optionalPeers": ["supports-color"] }, "sha512-RGwwWnwQvkVfavKVt22FGLw+xYSdzARwm0ru6DhTVA3umU5hZc28V3kO4stgYryrTlLpuvgI9GiijltAjNbcqA=="],

    "es-module-lexer": ["es-module-lexer@2.3.2", "", {}, "sha512-poHGpORABojJJucnV9KbOavETW8lBVnphkW77ER5/BQ5Fz7oXSoCNek7IH3vR5nRjdsEz926ibFYX8KtLQmdyw=="],

    "esquery": ["esquery@1.7.0", "", { "dependencies": { "estraverse": "^5.1.0" } }, "sha512-Ap6G0WQwcU/LHsvLwON1fAQX9Zp0A2Y6Y/cJBl9r/JbW90Zyg4/zbG6zzKa2OTALELarYHmKu0GhpM5EO+7T0g=="],

    "estraverse": ["estraverse@5.3.0", "", {}, "sha512-MMdARuVEQziNTeJD8DgMqmhwR11BRQ/cBP+pLtYdSTnf3MIO8fFeiINEbX36ZdNlfU/7A9f3gUw49B3oQsvwBA=="],

    "fsevents": ["fsevents@2.3.2", "", { "os": "darwin" }, "sha512-xiqMQR4xAeHTuB9uWm+fFRcIOgKBMiOBP+eXiyT7jsgVCq1bkVygt00oASowB7EdtpOHaaPgKt812P9ab+DDKA=="],

    "import-in-the-middle": ["import-in-the-middle@3.4.0", "", { "dependencies": { "cjs-module-lexer": "^2.2.0", "es-module-lexer": "^2.2.0", "module-details-from-path": "^1.0.4" } }, "sha512-Xfjwfarhe+LGmoaof+sexeNo3sGRysb5x56WrZLwHtmqT0OilSKtVWkv0lrCcMgSKyKP9oBogBAisHZvtJH0aw=="],

    "magic-string": ["magic-string@0.30.21", "", { "dependencies": { "@jridgewell/sourcemap-codec": "^1.5.5" } }, "sha512-vd2F4YUyEXKGcLHoq+TEyCjxueSeHnFxyyjNp80yg0XV4vUhnDer/lvvlqM/arB5bXQN5K2/3oinyCRyx8T2CQ=="],

    "meriyah": ["meriyah@6.1.4", "", {}, "sha512-Sz8FzjzI0kN13GK/6MVEsVzMZEPvOhnmmI1lU5+/1cGOiK3QUahntrNNtdVeihrO7t9JpoH75iMNXg6R6uWflQ=="],

    "module-details-from-path": ["module-details-from-path@1.0.4", "", {}, "sha512-EGWKgxALGMgzvxYF1UyGTy0HXX/2vHLkw6+NvDKW2jypWbHpjQuj4UMcqQWXHERJhVGKikolT06G3bcKe4fi7w=="],

    "ms": ["ms@2.1.3", "", {}, "sha512-6FlzubTLZG3J2a/NVCAleEhjzq5oxgHyaCU9yYXvcLsvoVaHJq/s5xXI6/XXP6tz7R9xAOtHnSO/tXtF3WRTlA=="],

    "playwright": ["playwright@1.61.1", "", { "dependencies": { "playwright-core": "1.61.1" }, "optionalDependencies": { "fsevents": "2.3.2" }, "bin": { "playwright": "cli.js" } }, "sha512-DWnY5o3YbLWK4GovuAVwpqL+1VwGNdUGrRr++8j8PtQQzvAVZUIMjKQ90fY689sEJZJBbZVw1rXaOKSTitkzPQ=="],

    "playwright-core": ["playwright-core@1.61.1", "", { "bin": { "playwright-core": "cli.js" } }, "sha512-h7Qlt6m4REp25qvIdvbDtVmD4LqVXfpRxhORv9L0jzETM05p4fuPJ3dKyuSXQxDSbXnmS79HAgi9589lGSpLkg=="],

    "require-in-the-middle": ["require-in-the-middle@8.0.1", "", { "dependencies": { "debug": "^4.3.5", "module-details-from-path": "^1.0.3" } }, "sha512-QT7FVMXfWOYFbeRBF6nu+I6tr2Tf3u0q8RIEjNob/heKY/nh7drD/k7eeMFmSQgnTtCzLDcCu/XEnpW2wk4xCQ=="],

    "semifies": ["semifies@1.0.0", "", {}, "sha512-xXR3KGeoxTNWPD4aBvL5NUpMTT7WMANr3EWnaS190QVkY52lqqcVRD7Q05UVbBhiWDGWMlJEUam9m7uFFGVScw=="],

    "source-map": ["source-map@0.6.1", "", {}, "sha512-UjgapumWlbMhkBgzT7Ykc5YXUT46F0iKu8SGXq0bcwP5dz/h0Plj6enJqjz1Zbq2l5WaqYnrVbwWOWMyF3F47g=="],

    "typescript": ["typescript@5.9.3", "", { "bin": { "tsc": "bin/tsc", "tsserver": "bin/tsserver" } }, "sha512-jl1vZzPDinLr9eUt3J/t7V6FgNEw9QjvBPdysz9KfQDD41fQrC2Y4vKQdiaUpFT4bXlb1RHhLpp8wtm6M5TgSw=="],

    "undici-types": ["undici-types@8.3.0", "", {}, "sha512-j375ScV60dom+YkPFIfTLcOiPxkN/buHz5GobjLhixFuANaNs3C9l4GmrWqejgXWJ7BbJcFYpTEUkS1Ge8bpZQ=="],
  }
}
